// !$*UTF8*$!
{
	archiveVersion = 1;
	classes = {
	};
	objectVersion = 56;
	objects = {

/* Begin PBXBuildFile section */
		329A9DF62B997F6F00274E80 /* WallpapersApp.swift in Sources */ = {isa = PBXBuildFile; fileRef = 329A9DF52B997F6F00274E80 /* WallpapersApp.swift */; };
		329A9DF82B997F6F00274E80 /* ContentView.swift in Sources */ = {isa = PBXBuildFile; fileRef = 329A9DF72B997F6F00274E80 /* ContentView.swift */; };
		329A9DFA2B997F7100274E80 /* Assets.xcassets in Resources */ = {isa = PBXBuildFile; fileRef = 329A9DF92B997F7100274E80 /* Assets.xcassets */; };
		329A9DFD2B997F7100274E80 /* Preview Assets.xcassets in Resources */ = {isa = PBXBuildFile; fileRef = 329A9DFC2B997F7100274E80 /* Preview Assets.xcassets */; };
		329A9E072B997F7200274E80 /* WallpapersTests.swift in Sources */ = {isa = PBXBuildFile; fileRef = 329A9E062B997F7200274E80 /* WallpapersTests.swift */; };
		329A9E112B997F7200274E80 /* WallpapersUITests.swift in Sources */ = {isa = PBXBuildFile; fileRef = 329A9E102B997F7200274E80 /* WallpapersUITests.swift */; };
		329A9E132B997F7200274E80 /* WallpapersUITestsLaunchTests.swift in Sources */ = {isa = PBXBuildFile; fileRef = 329A9E122B997F7200274E80 /* WallpapersUITestsLaunchTests.swift */; };
/* End PBXBuildFile section */

/* Begin PBXContainerItemProxy section */
		329A9E032B997F7200274E80 /* PBXContainerItemProxy */ = {
			isa = PBXContainerItemProxy;
			containerPortal = 329A9DEA2B997F6E00274E80 /* Project object */;
			proxyType = 1;
			remoteGlobalIDString = 329A9DF12B997F6F00274E80;
			remoteInfo = Wallpapers;
		};
		329A9E0D2B997F7200274E80 /* PBXContainerItemProxy */ = {
			isa = PBXContainerItemProxy;
			containerPortal = 329A9DEA2B997F6E00274E80 /* Project object */;
			proxyType = 1;
			remoteGlobalIDString = 329A9DF12B997F6F00274E80;
			remoteInfo = Wallpapers;
		};
/* End PBXContainerItemProxy section */

/* Begin PBXFileReference section */
		329A9DF22B997F6F00274E80 /* Wallpapers.app */ = {isa = PBXFileReference; explicitFileType = wrapper.application; includeInIndex = 0; path = Wallpapers.app; sourceTree = BUILT_PRODUCTS_DIR; };
		329A9DF52B997F6F00274E80 /* WallpapersApp.swift */ = {isa = PBXFileReference; lastKnownFileType = sourcecode.swift; path = WallpapersApp.swift; sourceTree = "<group>"; };
		329A9DF72B997F6F00274E80 /* ContentView.swift */ = {isa = PBXFileReference; lastKnownFileType = sourcecode.swift; path = ContentView.swift; sourceTree = "<group>"; };
		329A9DF92B997F7100274E80 /* Assets.xcassets */ = {isa = PBXFileReference; lastKnownFileType = folder.assetcatalog; path = Assets.xcassets; sourceTree = "<group>"; };
		329A9DFC2B997F7100274E80 /* Preview Assets.xcassets */ = {isa = PBXFileReference; lastKnownFileType = folder.assetcatalog; path = "Preview Assets.xcassets"; sourceTree = "<group>"; };
		329A9E022B997F7200274E80 /* WallpapersTests.xctest */ = {isa = PBXFileReference; explicitFileType = wrapper.cfbundle; includeInIndex = 0; path = WallpapersTests.xctest; sourceTree = BUILT_PRODUCTS_DIR; };
		329A9E062B997F7200274E80 /* WallpapersTests.swift */ = {isa = PBXFileReference; lastKnownFileType = sourcecode.swift; path = WallpapersTests.swift; sourceTree = "<group>"; };
		329A9E0C2B997F7200274E80 /* WallpapersUITests.xctest */ = {isa = PBXFileReference; explicitFileType = wrapper.cfbundle; includeInIndex = 0; path = WallpapersUITests.xctest; sourceTree = BUILT_PRODUCTS_DIR; };
		329A9E102B997F7200274E80 /* WallpapersUITests.swift */ = {isa = PBXFileReference; lastKnownFileType = sourcecode.swift; path = WallpapersUITests.swift; sourceTree = "<group>"; };
		329A9E122B997F7200274E80 /* WallpapersUITestsLaunchTests.swift */ = {isa = PBXFileReference; lastKnownFileType = sourcecode.swift; path = WallpapersUITestsLaunchTests.swift; sourceTree = "<group>"; };
/* End PBXFileReference section */

/* Begin PBXFrameworksBuildPhase section */
		329A9DEF2B997F6F00274E80 /* Frameworks */ = {
			isa = PBXFrameworksBuildPhase;
			buildActionMask = 2147483647;
			files = (
			);
			runOnlyForDeploymentPostprocessing = 0;
		};
		329A9DFF2B997F7200274E80 /* Frameworks */ = {
			isa = PBXFrameworksBuildPhase;
			buildActionMask = 2147483647;
			files = (
			);
			runOnlyForDeploymentPostprocessing = 0;
		};
		329A9E092B997F7200274E80 /* Frameworks */ = {
			isa = PBXFrameworksBuildPhase;
			buildActionMask = 2147483647;
			files = (
			);
			runOnlyForDeploymentPostprocessing = 0;
		};
/* End PBXFrameworksBuildPhase section */

/* Begin PBXGroup section */
		329A9DE92B997F6E00274E80 = {
			isa = PBXGroup;
			children = (
				329A9DF42B997F6F00274E80 /* Wallpapers */,
				329A9E052B997F7200274E80 /* WallpapersTests */,
				329A9E0F2B997F7200274E80 /* WallpapersUITests */,
				329A9DF32B997F6F00274E80 /* Products */,
			);
			sourceTree = "<group>";
		};
		329A9DF32B997F6F00274E80 /* Products */ = {
			isa = PBXGroup;
			children = (
				329A9DF22B997F6F00274E80 /* Wallpapers.app */,
				329A9E022B997F7200274E80 /* WallpapersTests.xctest */,
				329A9E0C2B997F7200274E80 /* WallpapersUITests.xctest */,
			);
			name = Products;
			sourceTree = "<group>";
		};
		329A9DF42B997F6F00274E80 /* Wallpapers */ = {
			isa = PBXGroup;
			children = (
				329A9DF52B997F6F00274E80 /* WallpapersApp.swift */,
				329A9DF72B997F6F00274E80 /* ContentView.swift */,
				329A9DF92B997F7100274E80 /* Assets.xcassets */,
				329A9DFB2B997F7100274E80 /* Preview Content */,
			);
			path = Wallpapers;
			sourceTree = "<group>";
		};
		329A9DFB2B997F7100274E80 /* Preview Content */ = {
			isa = PBXGroup;
			children = (
				329A9DFC2B997F7100274E80 /* Preview Assets.xcassets */,
			);
			path = "Preview Content";
			sourceTree = "<group>";
		};
		329A9E052B997F7200274E80 /* WallpapersTests */ = {
			isa = PBXGroup;
			children = (
				329A9E062B997F7200274E80 /* WallpapersTests.swift */,
			);
			path = WallpapersTests;
			sourceTree = "<group>";
		};
		329A9E0F2B997F7200274E80 /* WallpapersUITests */ = {
			isa = PBXGroup;
			children = (
				329A9E102B997F7200274E80 /* WallpapersUITests.swift */,
				329A9E122B997F7200274E80 /* WallpapersUITestsLaunchTests.swift */,
			);
			path = WallpapersUITests;
			sourceTree = "<group>";
		};
/* End PBXGroup section */

/* Begin PBXNativeTarget section */
		329A9DF12B997F6F00274E80 /* Wallpapers */ = {
			isa = PBXNativeTarget;
			buildConfigurationList = 329A9E162B997F7200274E80 /* Build configuration list for PBXNativeTarget "Wallpapers" */;
			buildPhases = (
				329A9DEE2B997F6F00274E80 /* Sources */,
				329A9DEF2B997F6F00274E80 /* Frameworks */,
				329A9DF02B997F6F00274E80 /* Resources */,
			);
			buildRules = (
			);
			dependencies = (
			);
			name = Wallpapers;
			productName = Wallpapers;
			productReference = 329A9DF22B997F6F00274E80 /* Wallpapers.app */;
			productType = "com.apple.product-type.application";
		};
		329A9E012B997F7200274E80 /* WallpapersTests */ = {
			isa = PBXNativeTarget;
			buildConfigurationList = 329A9E192B997F7200274E80 /* Build configuration list for PBXNativeTarget "WallpapersTests" */;
			buildPhases = (
				329A9DFE2B997F7200274E80 /* Sources */,
				329A9DFF2B997F7200274E80 /* Frameworks */,
				329A9E002B997F7200274E80 /* Resources */,
			);
			buildRules = (
			);
			dependencies = (
				329A9E042B997F7200274E80 /* PBXTargetDependency */,
			);
			name = WallpapersTests;
			productName = WallpapersTests;
			productReference = 329A9E022B997F7200274E80 /* WallpapersTests.xctest */;
			productType = "com.apple.product-type.bundle.unit-test";
		};
		329A9E0B2B997F7200274E80 /* WallpapersUITests */ = {
			isa = PBXNativeTarget;
			buildConfigurationList = 329A9E1C2B997F7200274E80 /* Build configuration list for PBXNativeTarget "WallpapersUITests" */;
			buildPhases = (
				329A9E082B997F7200274E80 /* Sources */,
				329A9E092B997F7200274E80 /* Frameworks */,
				329A9E0A2B997F7200274E80 /* Resources */,
			);
			buildRules = (
			);
			dependencies = (
				329A9E0E2B997F7200274E80 /* PBXTargetDependency */,
			);
			name = WallpapersUITests;
			productName = WallpapersUITests;
			productReference = 329A9E0C2B997F7200274E80 /* WallpapersUITests.xctest */;
			productType = "com.apple.product-type.bundle.ui-testing";
		};
/* End PBXNativeTarget section */

/* Begin PBXProject section */
		329A9DEA2B997F6E00274E80 /* Project object */ = {
			isa = PBXProject;
			attributes = {
				BuildIndependentTargetsInParallel = 1;
				LastSwiftUpdateCheck = 1530;
				LastUpgradeCheck = 1530;
				TargetAttributes = {
					329A9DF12B997F6F00274E80 = {
						CreatedOnToolsVersion = 15.3;
					};
					329A9E012B997F7200274E80 = {
						CreatedOnToolsVersion = 15.3;
						TestTargetID = 329A9DF12B997F6F00274E80;
					};
					329A9E0B2B997F7200274E80 = {
						CreatedOnToolsVersion = 15.3;
						TestTargetID = 329A9DF12B997F6F00274E80;
					};
				};
			};
			buildConfigurationList = 329A9DED2B997F6E00274E80 /* Build configuration list for PBXProject "Wallpapers" */;
			compatibilityVersion = "Xcode 14.0";
			developmentRegion = en;
			hasScannedForEncodings = 0;
			knownRegions = (
				en,
				Base,
			);
			mainGroup = 329A9DE92B997F6E00274E80;
			productRefGroup = 329A9DF32B997F6F00274E80 /* Products */;
			projectDirPath = "";
			projectRoot = "";
			targets = (
				329A9DF12B997F6F00274E80 /* Wallpapers */,
				329A9E012B997F7200274E80 /* WallpapersTests */,
				329A9E0B2B997F7200274E80 /* WallpapersUITests */,
			);
		};
/* End PBXProject section */

/* Begin PBXResourcesBuildPhase section */
		329A9DF02B997F6F00274E80 /* Resources */ = {
			isa = PBXResourcesBuildPhase;
			buildActionMask = 2147483647;
			files = (
				329A9DFD2B997F7100274E80 /* Preview Assets.xcassets in Resources */,
				329A9DFA2B997F7100274E80 /* Assets.xcassets in Resources */,
			);
			runOnlyForDeploymentPostprocessing = 0;
		};
		329A9E002B997F7200274E80 /* Resources */ = {
			isa = PBXResourcesBuildPhase;
			buildActionMask = 2147483647;
			files = (
			);
			runOnlyForDeploymentPostprocessing = 0;
		};
		329A9E0A2B997F7200274E80 /* Resources */ = {
			isa = PBXResourcesBuildPhase;
			buildActionMask = 2147483647;
			files = (
			);
			runOnlyForDeploymentPostprocessing = 0;
		};
/* End PBXResourcesBuildPhase section */

/* Begin PBXSourcesBuildPhase section */
		329A9DEE2B997F6F00274E80 /* Sources */ = {
			isa = PBXSourcesBuildPhase;
			buildActionMask = 2147483647;
			files = (
				329A9DF82B997F6F00274E80 /* ContentView.swift in Sources */,
				329A9DF62B997F6F00274E80 /* WallpapersApp.swift in Sources */,
			);
			runOnlyForDeploymentPostprocessing = 0;
		};
		329A9DFE2B997F7200274E80 /* Sources */ = {
			isa = PBXSourcesBuildPhase;
			buildActionMask = 2147483647;
			files = (
				329A9E072B997F7200274E80 /* WallpapersTests.swift in Sources */,
			);
			runOnlyForDeploymentPostprocessing = 0;
		};
		329A9E082B997F7200274E80 /* Sources */ = {
			isa = PBXSourcesBuildPhase;
			buildActionMask = 2147483647;
			files = (
				329A9E112B997F7200274E80 /* WallpapersUITests.swift in Sources */,
				329A9E132B997F7200274E80 /* WallpapersUITestsLaunchTests.swift in Sources */,
			);
			runOnlyForDeploymentPostprocessing = 0;
		};
/* End PBXSourcesBuildPhase section */

/* Begin PBXTargetDependency section */
		329A9E042B997F7200274E80 /* PBXTargetDependency */ = {
			isa = PBXTargetDependency;
			target = 329A9DF12B997F6F00274E80 /* Wallpapers */;
			targetProxy = 329A9E032B997F7200274E80 /* PBXContainerItemProxy */;
		};
		329A9E0E2B997F7200274E80 /* PBXTargetDependency */ = {
			isa = PBXTargetDependency;
			target = 329A9DF12B997F6F00274E80 /* Wallpapers */;
			targetProxy = 329A9E0D2B997F7200274E80 /* PBXContainerItemProxy */;
		};
/* End PBXTargetDependency section */

/* Begin XCBuildConfiguration section */
		329A9E142B997F7200274E80 /* Debug */ = {
			isa = XCBuildConfiguration;
			buildSettings = {
				ALWAYS_SEARCH_USER_PATHS = NO;
				ASSETCATALOG_COMPILER_GENERATE_SWIFT_ASSET_SYMBOL_EXTENSIONS = YES;
				CLANG_ANALYZER_NONNULL = YES;
				CLANG_ANALYZER_NUMBER_OBJECT_CONVERSION = YES_AGGRESSIVE;
				CLANG_CXX_LANGUAGE_STANDARD = "gnu++20";
				CLANG_ENABLE_MODULES = YES;
				CLANG_ENABLE_OBJC_ARC = YES;
				CLANG_ENABLE_OBJC_WEAK = YES;
				CLANG_WARN_BLOCK_CAPTURE_AUTORELEASING = YES;
				CLANG_WARN_BOOL_CONVERSION = YES;
				CLANG_WARN_COMMA = YES;
				CLANG_WARN_CONSTANT_CONVERSION = YES;
				CLANG_WARN_DEPRECATED_OBJC_IMPLEMENTATIONS = YES;
				CLANG_WARN_DIRECT_OBJC_ISA_USAGE = YES_ERROR;
				CLANG_WARN_DOCUMENTATION_COMMENTS = YES;
				CLANG_WARN_EMPTY_BODY = YES;
				CLANG_WARN_ENUM_CONVERSION = YES;
				CLANG_WARN_INFINITE_RECURSION = YES;
				CLANG_WARN_INT_CONVERSION = YES;
				CLANG_WARN_NON_LITERAL_NULL_CONVERSION = YES;
				CLANG_WARN_OBJC_IMPLICIT_RETAIN_SELF = YES;
				CLANG_WARN_OBJC_LITERAL_CONVERSION = YES;
				CLANG_WARN_OBJC_ROOT_CLASS = YES_ERROR;
				CLANG_WARN_QUOTED_INCLUDE_IN_FRAMEWORK_HEADER = YES;
				CLANG_WARN_RANGE_LOOP_ANALYSIS = YES;
				CLANG_WARN_STRICT_PROTOTYPES = YES;
				CLANG_WARN_SUSPICIOUS_MOVE = YES;
				CLANG_WARN_UNGUARDED_AVAILABILITY = YES_AGGRESSIVE;
				CLANG_WARN_UNREACHABLE_CODE = YES;
				CLANG_WARN__DUPLICATE_METHOD_MATCH = YES;
				COPY_PHASE_STRIP = NO;
				DEBUG_INFORMATION_FORMAT = dwarf;
				ENABLE_STRICT_OBJC_MSGSEND = YES;
				ENABLE_TESTABILITY = YES;
				ENABLE_USER_SCRIPT_SANDBOXING = YES;
				GCC_C_LANGUAGE_STANDARD = gnu17;
				GCC_DYNAMIC_NO_PIC = NO;
				GCC_NO_COMMON_BLOCKS = YES;
				GCC_OPTIMIZATION_LEVEL = 0;
				GCC_PREPROCESSOR_DEFINITIONS = (
					"DEBUG=1",
					"$(inherited)",
				);
				GCC_WARN_64_TO_32_BIT_CONVERSION = YES;
				GCC_WARN_ABOUT_RETURN_TYPE = YES_ERROR;
				GCC_WARN_UNDECLARED_SELECTOR = YES;
				GCC_WARN_UNINITIALIZED_AUTOS = YES_AGGRESSIVE;
				GCC_WARN_UNUSED_FUNCTION = YES;
				GCC_WARN_UNUSED_VARIABLE = YES;
				IPHONEOS_DEPLOYMENT_TARGET = 17.4;
				LOCALIZATION_PREFERS_STRING_CATALOGS = YES;
				MTL_ENABLE_DEBUG_INFO = INCLUDE_SOURCE;
				MTL_FAST_MATH = YES;
				ONLY_ACTIVE_ARCH = YES;
				SDKROOT = iphoneos;
				SWIFT_ACTIVE_COMPILATION_CONDITIONS = "DEBUG $(inherited)";
				SWIFT_OPTIMIZATION_LEVEL = "-Onone";
			};
			name = Debug;
		};
		329A9E152B997F7200274E80 /* Release */ = {
			isa = XCBuildConfiguration;
			buildSettings = {
				ALWAYS_SEARCH_USER_PATHS = NO;
				ASSETCATALOG_COMPILER_GENERATE_SWIFT_ASSET_SYMBOL_EXTENSIONS = YES;
				CLANG_ANALYZER_NONNULL = YES;
				CLANG_ANALYZER_NUMBER_OBJECT_CONVERSION = YES_AGGRESSIVE;
				CLANG_CXX_LANGUAGE_STANDARD = "gnu++20";
				CLANG_ENABLE_MODULES = YES;
				CLANG_ENABLE_OBJC_ARC = YES;
				CLANG_ENABLE_OBJC_WEAK = YES;
				CLANG_WARN_BLOCK_CAPTURE_AUTORELEASING = YES;
				CLANG_WARN_BOOL_CONVERSION = YES;
				CLANG_WARN_COMMA = YES;
				CLANG_WARN_CONSTANT_CONVERSION = YES;
				CLANG_WARN_DEPRECATED_OBJC_IMPLEMENTATIONS = YES;
				CLANG_WARN_DIRECT_OBJC_ISA_USAGE = YES_ERROR;
				CLANG_WARN_DOCUMENTATION_COMMENTS = YES;
				CLANG_WARN_EMPTY_BODY = YES;
				CLANG_WARN_ENUM_CONVERSION = YES;
				CLANG_WARN_INFINITE_RECURSION = YES;
				CLANG_WARN_INT_CONVERSION = YES;
				CLANG_WARN_NON_LITERAL_NULL_CONVERSION = YES;
				CLANG_WARN_OBJC_IMPLICIT_RETAIN_SELF = YES;
				CLANG_WARN_OBJC_LITERAL_CONVERSION = YES;
				CLANG_WARN_OBJC_ROOT_CLASS = YES_ERROR;
				CLANG_WARN_QUOTED_INCLUDE_IN_FRAMEWORK_HEADER = YES;
				CLANG_WARN_RANGE_LOOP_ANALYSIS = YES;
				CLANG_WARN_STRICT_PROTOTYPES = YES;
				CLANG_WARN_SUSPICIOUS_MOVE = YES;
				CLANG_WARN_UNGUARDED_AVAILABILITY = YES_AGGRESSIVE;
				CLANG_WARN_UNREACHABLE_CODE = YES;
				CLANG_WARN__DUPLICATE_METHOD_MATCH = YES;
				COPY_PHASE_STRIP = NO;
				DEBUG_INFORMATION_FORMAT = "dwarf-with-dsym";
				ENABLE_NS_ASSERTIONS = NO;
				ENABLE_STRICT_OBJC_MSGSEND = YES;
				ENABLE_USER_SCRIPT_SANDBOXING = YES;
				GCC_C_LANGUAGE_STANDARD = gnu17;
				GCC_NO_COMMON_BLOCKS = YES;
				GCC_WARN_64_TO_32_BIT_CONVERSION = YES;
				GCC_WARN_ABOUT_RETURN_TYPE = YES_ERROR;
				GCC_WARN_UNDECLARED_SELECTOR = YES;
				GCC_WARN_UNINITIALIZED_AUTOS = YES_AGGRESSIVE;
				GCC_WARN_UNUSED_FUNCTION = YES;
				GCC_WARN_UNUSED_VARIABLE = YES;
				IPHONEOS_DEPLOYMENT_TARGET = 17.4;
				LOCALIZATION_PREFERS_STRING_CATALOGS = YES;
				MTL_ENABLE_DEBUG_INFO = NO;
				MTL_FAST_MATH = YES;
				SDKROOT = iphoneos;
				SWIFT_COMPILATION_MODE = wholemodule;
				VALIDATE_PRODUCT = YES;
			};
			name = Release;
		};
		329A9E172B997F7200274E80 /* Debug */ = {
			isa = XCBuildConfiguration;
			buildSettings = {
				ASSETCATALOG_COMPILER_APPICON_NAME = AppIcon;
				ASSETCATALOG_COMPILER_GLOBAL_ACCENT_COLOR_NAME = AccentColor;
				CODE_SIGN_STYLE = Automatic;
				CURRENT_PROJECT_VERSION = 1;
				DEVELOPMENT_ASSET_PATHS = "\"Wallpapers/Preview Content\"";
				ENABLE_PREVIEWS = YES;
				GENERATE_INFOPLIST_FILE = YES;
				INFOPLIST_KEY_UIApplicationSceneManifest_Generation = YES;
				INFOPLIST_KEY_UIApplicationSupportsIndirectInputEvents = YES;
				INFOPLIST_KEY_UILaunchScreen_Generation = YES;
				INFOPLIST_KEY_UISupportedInterfaceOrientations_iPad = "UIInterfaceOrientationPortrait UIInterfaceOrientationPortraitUpsideDown UIInterfaceOrientationLandscapeLeft UIInterfaceOrientationLandscapeRight";
				INFOPLIST_KEY_UISupportedInterfaceOrientations_iPhone = "UIInterfaceOrientationPortrait UIInterfaceOrientationLandscapeLeft UIInterfaceOrientationLandscapeRight";
				LD_RUNPATH_SEARCH_PATHS = (
					"$(inherited)",
					"@executable_path/Frameworks",
				);
				MARKETING_VERSION = 1.0;
				PRODUCT_BUNDLE_IDENTIFIER = com.studio.pengfeiyuan.Wallpapers;
				PRODUCT_NAME = "$(TARGET_NAME)";
				SWIFT_EMIT_LOC_STRINGS = YES;
				SWIFT_VERSION = 5.0;
				TARGETED_DEVICE_FAMILY = "1,2";
			};
			name = Debug;
		};
		329A9E182B997F7200274E80 /* Release */ = {
			isa = XCBuildConfiguration;
			buildSettings = {
				ASSETCATALOG_COMPILER_APPICON_NAME = AppIcon;
				ASSETCATALOG_COMPILER_GLOBAL_ACCENT_COLOR_NAME = AccentColor;
				CODE_SIGN_STYLE = Automatic;
				CURRENT_PROJECT_VERSION = 1;
				DEVELOPMENT_ASSET_PATHS = "\"Wallpapers/Preview Content\"";
				ENABLE_PREVIEWS = YES;
				GENERATE_INFOPLIST_FILE = YES;
				INFOPLIST_KEY_UIApplicationSceneManifest_Generation = YES;
				INFOPLIST_KEY_UIApplicationSupportsIndirectInputEvents = YES;
				INFOPLIST_KEY_UILaunchScreen_Generation = YES;
				INFOPLIST_KEY_UISupportedInterfaceOrientations_iPad = "UIInterfaceOrientationPortrait UIInterfaceOrientationPortraitUpsideDown UIInterfaceOrientationLandscapeLeft UIInterfaceOrientationLandscapeRight";
				INFOPLIST_KEY_UISupportedInterfaceOrientations_iPhone = "UIInterfaceOrientationPortrait UIInterfaceOrientationLandscapeLeft UIInterfaceOrientationLandscapeRight";
				LD_RUNPATH_SEARCH_PATHS = (
					"$(inherited)",
					"@executable_path/Frameworks",
				);
				MARKETING_VERSION = 1.0;
				PRODUCT_BUNDLE_IDENTIFIER = com.studio.pengfeiyuan.Wallpapers;
				PRODUCT_NAME = "$(TARGET_NAME)";
				SWIFT_EMIT_LOC_STRINGS = YES;
				SWIFT_VERSION = 5.0;
				TARGETED_DEVICE_FAMILY = "1,2";
			};
			name = Release;
		};
		329A9E1A2B997F7200274E80 /* Debug */ = {
			isa = XCBuildConfiguration;
			buildSettings = {
				ALWAYS_EMBED_SWIFT_STANDARD_LIBRARIES = YES;
				BUNDLE_LOADER = "$(TEST_HOST)";
				CODE_SIGN_STYLE = Automatic;
				CURRENT_PROJECT_VERSION = 1;
				GENERATE_INFOPLIST_FILE = YES;
				IPHONEOS_DEPLOYMENT_TARGET = 17.4;
				MARKETING_VERSION = 1.0;
				PRODUCT_BUNDLE_IDENTIFIER = com.studio.pengfeiyuan.WallpapersTests;
				PRODUCT_NAME = "$(TARGET_NAME)";
				SWIFT_EMIT_LOC_STRINGS = NO;
				SWIFT_VERSION = 5.0;
				TARGETED_DEVICE_FAMILY = "1,2";
				TEST_HOST = "$(BUILT_PRODUCTS_DIR)/Wallpapers.app/$(BUNDLE_EXECUTABLE_FOLDER_PATH)/Wallpapers";
			};
			name = Debug;
		};
		329A9E1B2B997F7200274E80 /* Release */ = {
			isa = XCBuildConfiguration;
			buildSettings = {
				ALWAYS_EMBED_SWIFT_STANDARD_LIBRARIES = YES;
				BUNDLE_LOADER = "$(TEST_HOST)";
				CODE_SIGN_STYLE = Automatic;
				CURRENT_PROJECT_VERSION = 1;
				GENERATE_INFOPLIST_FILE = YES;
				IPHONEOS_DEPLOYMENT_TARGET = 17.4;
				MARKETING_VERSION = 1.0;
				PRODUCT_BUNDLE_IDENTIFIER = com.studio.pengfeiyuan.WallpapersTests;
				PRODUCT_NAME = "$(TARGET_NAME)";
				SWIFT_EMIT_LOC_STRINGS = NO;
				SWIFT_VERSION = 5.0;
				TARGETED_DEVICE_FAMILY = "1,2";
				TEST_HOST = "$(BUILT_PRODUCTS_DIR)/Wallpapers.app/$(BUNDLE_EXECUTABLE_FOLDER_PATH)/Wallpapers";
			};
			name = Release;
		};
		329A9E1D2B997F7200274E80 /* Debug */ = {
			isa = XCBuildConfiguration;
			buildSettings = {
				ALWAYS_EMBED_SWIFT_STANDARD_LIBRARIES = YES;
				CODE_SIGN_STYLE = Automatic;
				CURRENT_PROJECT_VERSION = 1;
				GENERATE_INFOPLIST_FILE = YES;
				MARKETING_VERSION = 1.0;
				PRODUCT_BUNDLE_IDENTIFIER = com.studio.pengfeiyuan.WallpapersUITests;
				PRODUCT_NAME = "$(TARGET_NAME)";
				SWIFT_EMIT_LOC_STRINGS = NO;
				SWIFT_VERSION = 5.0;
				TARGETED_DEVICE_FAMILY = "1,2";
				TEST_TARGET_NAME = Wallpapers;
			};
			name = Debug;
		};
		329A9E1E2B997F7200274E80 /* Release */ = {
			isa = XCBuildConfiguration;
			buildSettings = {
				ALWAYS_EMBED_SWIFT_STANDARD_LIBRARIES = YES;
				CODE_SIGN_STYLE = Automatic;
				CURRENT_PROJECT_VERSION = 1;
				GENERATE_INFOPLIST_FILE = YES;
				MARKETING_VERSION = 1.0;
				PRODUCT_BUNDLE_IDENTIFIER = com.studio.pengfeiyuan.WallpapersUITests;
				PRODUCT_NAME = "$(TARGET_NAME)";
				SWIFT_EMIT_LOC_STRINGS = NO;
				SWIFT_VERSION = 5.0;
				TARGETED_DEVICE_FAMILY = "1,2";
				TEST_TARGET_NAME = Wallpapers;
			};
			name = Release;
		};
/* End XCBuildConfiguration section */

/* Begin XCConfigurationList section */
		329A9DED2B997F6E00274E80 /* Build configuration list for PBXProject "Wallpapers" */ = {
			isa = XCConfigurationList;
			buildConfigurations = (
				329A9E142B997F7200274E80 /* Debug */,
				329A9E152B997F7200274E80 /* Release */,
			);
			defaultConfigurationIsVisible = 0;
			defaultConfigurationName = Release;
		};
		329A9E162B997F7200274E80 /* Build configuration list for PBXNativeTarget "Wallpapers" */ = {
			isa = XCConfigurationList;
			buildConfigurations = (
				329A9E172B997F7200274E80 /* Debug */,
				329A9E182B997F7200274E80 /* Release */,
			);
			defaultConfigurationIsVisible = 0;
			defaultConfigurationName = Release;
		};
		329A9E192B997F7200274E80 /* Build configuration list for PBXNativeTarget "WallpapersTests" */ = {
			isa = XCConfigurationList;
			buildConfigurations = (
				329A9E1A2B997F7200274E80 /* Debug */,
				329A9E1B2B997F7200274E80 /* Release */,
			);
			defaultConfigurationIsVisible = 0;
			defaultConfigurationName = Release;
		};
		329A9E1C2B997F7200274E80 /* Build configuration list for PBXNativeTarget "WallpapersUITests" */ = {
			isa = XCConfigurationList;
			buildConfigurations = (
				329A9E1D2B997F7200274E80 /* Debug */,
				329A9E1E2B997F7200274E80 /* Release */,
			);
			defaultConfigurationIsVisible = 0;
			defaultConfigurationName = Release;
		};
/* End XCConfigurationList section */
	};
	rootObject = 329A9DEA2B997F6E00274E80 /* Project object */;
}
